
Microsoft Visual Studio Solution File, Format Version 12.00
# Visual Studio Version 16
VisualStudioVersion = 16.0.29911.84
MinimumVisualStudioVersion = 10.0.40219.1
Project("{FAE04EC0-301F-11D3-BF4B-00C04F79EFBC}") = "Bus Reservation System", "Bus Reservation System\Bus Reservation System.csproj", "{78115FEC-41BD-41C8-97C6-082F38E4F47B}"
EndProject
Global
	GlobalSection(SolutionConfigurationPlatforms) = preSolution
		Debug|Any CPU = Debug|Any CPU
		Release|Any CPU = Release|Any CPU
	EndGlobalSection
	GlobalSection(ProjectConfigurationPlatforms) = postSolution
		{78115FEC-41BD-41C8-97C6-082F38E4F47B}.Debug|Any CPU.ActiveCfg = Debug|Any CPU
		{78115FEC-41BD-41C8-97C6-082F38E4F47B}.Debug|Any CPU.Build.0 = Debug|Any CPU
		{78115FEC-41BD-41C8-97C6-082F38E4F47B}.Release|Any CPU.ActiveCfg = Release|Any CPU
		{78115FEC-41BD-41C8-97C6-082F38E4F47B}.Release|Any CPU.Build.0 = Release|Any CPU
	EndGlobalSection
	GlobalSection(SolutionProperties) = preSolution
		HideSolutionNode = FALSE
	EndGlobalSection
	GlobalSection(ExtensibilityGlobals) = postSolution
		SolutionGuid = {2B60788D-E4AD-4CE3-BF72-4EF34691510A}
	EndGlobalSection
EndGlobal
